{
    "_readme": [
        "This file locks the dependencies of your project to a known state",
        "Read more about it at https://getcomposer.org/doc/01-basic-usage.md#installing-dependencies",
        "This file is @generated automatically"
    ],
    "content-hash": "2cf10460e09437a0b17a3bbbcf2c3769",
    "packages": [
        {
            "name": "inc2734/wp-adsense",
            "version": "1.0.1",
            "source": {
                "type": "git",
                "url": "https://github.com/inc2734/wp-adsense.git",
                "reference": "7ead7e5a66b3b03de62477e6502dda2b9c44e32b"
            },
            "dist": {
                "type": "zip",
                "url": "https://api.github.com/repos/inc2734/wp-adsense/zipball/7ead7e5a66b3b03de62477e6502dda2b9c44e32b",
                "reference": "7ead7e5a66b3b03de62477e6502dda2b9c44e32b",
                "shasum": ""
            },
            "require": {
                "php": ">=5.6"
            },
            "require-dev": {
                "dealerdirect/phpcodesniffer-composer-installer": "^0.4.3",
                "phpcompatibility/phpcompatibility-wp": "*",
                "phpmd/phpmd": "2.*",
                "phpunit/phpunit": "7.*",
                "squizlabs/php_codesniffer": "*",
                "wp-coding-standards/wpcs": "*"
            },
            "type": "library",
            "autoload": {
                "psr-4": {
                    "Inc2734\\WP_Adsense\\": "src"
                }
            },
            "notification-url": "https://packagist.org/downloads/",
            "license": [
                "GPL-2.0-or-later"
            ],
            "authors": [
                {
                    "name": "Takashi Kitajima",
                    "email": "inc@2inc.org"
                }
            ],
            "time": "2020-02-04T04:08:16+00:00"
        },
        {
            "name": "inc2734/wp-awesome-components",
            "version": "1.0.9",
            "source": {
                "type": "git",
                "url": "https://github.com/inc2734/wp-awesome-components.git",
                "reference": "0b49ac530601369576a14bf5fe32a1e48f9a33c3"
            },
            "dist": {
                "type": "zip",
                "url": "https://api.github.com/repos/inc2734/wp-awesome-components/zipball/0b49ac530601369576a14bf5fe32a1e48f9a33c3",
                "reference": "0b49ac530601369576a14bf5fe32a1e48f9a33c3",
                "shasum": ""
            },
            "require": {
                "php": ">=5.6"
            },
            "require-dev": {
                "dealerdirect/phpcodesniffer-composer-installer": "^0.4.3",
                "phpcompatibility/phpcompatibility-wp": "*",
                "phpmd/phpmd": "2.*",
                "phpunit/phpunit": "7.*",
                "squizlabs/php_codesniffer": "*",
                "wp-coding-standards/wpcs": "*"
            },
            "type": "library",
            "autoload": {
                "psr-4": {
                    "Inc2734\\WP_Awesome_Components\\": "src"
                }
            },
            "notification-url": "https://packagist.org/downloads/",
            "license": [
                "GPL-2.0-or-later"
            ],
            "authors": [
                {
                    "name": "Takashi Kitajima",
                    "email": "inc@2inc.org"
                }
            ],
            "description": "A library to add some awesome components for WordPress.",
            "time": "2020-02-04T04:35:04+00:00"
        },
        {
            "name": "inc2734/wp-awesome-widgets",
            "version": "12.1.0",
            "source": {
                "type": "git",
                "url": "https://github.com/inc2734/wp-awesome-widgets.git",
                "reference": "12d0597c62657f0b2c6787b5b75f35975c893b00"
            },
            "dist": {
                "type": "zip",
                "url": "https://api.github.com/repos/inc2734/wp-awesome-widgets/zipball/12d0597c62657f0b2c6787b5b75f35975c893b00",
                "reference": "12d0597c62657f0b2c6787b5b75f35975c893b00",
                "shasum": ""
            },
            "require": {
                "inc2734/wp-adsense": "^1.0",
                "inc2734/wp-contents-outline": "^5.1",
                "inc2734/wp-plugin-view-controller": "^1.0",
                "inc2734/wp-profile-box": "^2.3",
                "php": ">=5.6"
            },
            "require-dev": {
                "dealerdirect/phpcodesniffer-composer-installer": "^0.4.3",
                "phpcompatibility/phpcompatibility-wp": "*",
                "phpmd/phpmd": "2.*",
                "phpunit/phpunit": "7.*",
                "squizlabs/php_codesniffer": "*",
                "wp-coding-standards/wpcs": "*"
            },
            "type": "library",
            "autoload": {
                "psr-4": {
                    "Inc2734\\WP_Awesome_Widgets\\": "src"
                }
            },
            "notification-url": "https://packagist.org/downloads/",
            "license": [
                "GPL-2.0-or-later"
            ],
            "authors": [
                {
                    "name": "Takashi Kitajima",
                    "email": "inc@2inc.org"
                }
            ],
            "description": "A library to add some awesome widgets for WordPress.",
            "time": "2020-08-19T02:16:46+00:00"
        },
        {
            "name": "inc2734/wp-basis",
            "version": "7.2.1",
            "source": {
                "type": "git",
                "url": "https://github.com/inc2734/wp-basis.git",
                "reference": "39bc327d17ef1439eb4da4d795c0e2dd347fefe5"
            },
            "dist": {
                "type": "zip",
                "url": "https://api.github.com/repos/inc2734/wp-basis/zipball/39bc327d17ef1439eb4da4d795c0e2dd347fefe5",
                "reference": "39bc327d17ef1439eb4da4d795c0e2dd347fefe5",
                "shasum": ""
            },
            "require": {
                "php": ">=5.6"
            },
            "require-dev": {
                "dealerdirect/phpcodesniffer-composer-installer": "^0.4.3",
                "phpcompatibility/phpcompatibility-wp": "*",
                "phpmd/phpmd": "2.*",
                "phpunit/phpunit": "7.*",
                "squizlabs/php_codesniffer": "*",
                "wp-coding-standards/wpcs": "*"
            },
            "type": "library",
            "autoload": {
                "psr-4": {
                    "Inc2734\\WP_Basis\\": "src"
                }
            },
            "notification-url": "https://packagist.org/downloads/",
            "license": [
                "GPL-2.0-or-later"
            ],
            "authors": [
                {
                    "name": "Takashi Kitajima",
                    "email": "inc@2inc.org"
                }
            ],
            "description": "This library customizes HTML to use sass-basis in WordPress.",
            "time": "2020-08-28T09:49:59+00:00"
        },
        {
            "name": "inc2734/wp-breadcrumbs",
            "version": "3.1.3",
            "source": {
                "type": "git",
                "url": "https://github.com/inc2734/wp-breadcrumbs.git",
                "reference": "c2dc5c3ab3bb0735df14d04c7bce1aeb08a05749"
            },
            "dist": {
                "type": "zip",
                "url": "https://api.github.com/repos/inc2734/wp-breadcrumbs/zipball/c2dc5c3ab3bb0735df14d04c7bce1aeb08a05749",
                "reference": "c2dc5c3ab3bb0735df14d04c7bce1aeb08a05749",
                "shasum": ""
            },
            "require": {
                "php": ">=5.6"
            },
            "require-dev": {
                "dealerdirect/phpcodesniffer-composer-installer": "^0.4.3",
                "phpcompatibility/phpcompatibility-wp": "*",
                "phpmd/phpmd": "2.*",
                "phpunit/phpunit": "7.*",
                "squizlabs/php_codesniffer": "*",
                "wp-coding-standards/wpcs": "*"
            },
            "type": "library",
            "autoload": {
                "psr-4": {
                    "Inc2734\\WP_Breadcrumbs\\": "src"
                }
            },
            "notification-url": "https://packagist.org/downloads/",
            "license": [
                "GPL-2.0-or-later"
            ],
            "authors": [
                {
                    "name": "Takashi Kitajima",
                    "email": "inc@2inc.org"
                }
            ],
            "description": "A library for WordPress breadcrumbs.",
            "time": "2020-07-27T05:28:11+00:00"
        },
        {
            "name": "inc2734/wp-contents-outline",
            "version": "5.1.1",
            "source": {
                "type": "git",
                "url": "https://github.com/inc2734/wp-contents-outline.git",
                "reference": "bd4627d227f4b2e49795e26decd2c0853b7d8249"
            },
            "dist": {
                "type": "zip",
                "url": "https://api.github.com/repos/inc2734/wp-contents-outline/zipball/bd4627d227f4b2e49795e26decd2c0853b7d8249",
                "reference": "bd4627d227f4b2e49795e26decd2c0853b7d8249",
                "shasum": ""
            },
            "require": {
                "inc2734/wp-plugin-view-controller": "^1.0.0",
                "php": ">=5.6"
            },
            "require-dev": {
                "dealerdirect/phpcodesniffer-composer-installer": "^0.4.3",
                "phpcompatibility/phpcompatibility-wp": "*",
                "phpmd/phpmd": "2.*",
                "phpunit/phpunit": "7.*",
                "squizlabs/php_codesniffer": "*",
                "wp-coding-standards/wpcs": "*"
            },
            "type": "library",
            "autoload": {
                "psr-4": {
                    "Inc2734\\WP_Contents_Outline\\": "src"
                }
            },
            "notification-url": "https://packagist.org/downloads/",
            "license": [
                "GPL-2.0-or-later"
            ],
            "authors": [
                {
                    "name": "Takashi Kitajima",
                    "email": "inc@2inc.org"
                }
            ],
            "description": "A library for WordPress. This adds contents outline of the post.",
            "time": "2020-09-18T01:59:07+00:00"
        },
        {
            "name": "inc2734/wp-custom-css-to-editor",
            "version": "0.1.1",
            "source": {
                "type": "git",
                "url": "https://github.com/inc2734/wp-custom-css-to-editor.git",
                "reference": "957086e47fb929dd40599457580426c5a3e06b8b"
            },
            "dist": {
                "type": "zip",
                "url": "https://api.github.com/repos/inc2734/wp-custom-css-to-editor/zipball/957086e47fb929dd40599457580426c5a3e06b8b",
                "reference": "957086e47fb929dd40599457580426c5a3e06b8b",
                "shasum": ""
            },
            "require": {
                "php": ">=5.6"
            },
            "require-dev": {
                "dealerdirect/phpcodesniffer-composer-installer": "^0.4.3",
                "phpcompatibility/phpcompatibility-wp": "*",
                "phpmd/phpmd": "2.*",
                "phpunit/phpunit": "7.*",
                "squizlabs/php_codesniffer": "*",
                "wp-coding-standards/wpcs": "*"
            },
            "type": "library",
            "autoload": {
                "psr-4": {
                    "Inc2734\\WP_Custom_CSS_To_Editor\\": "src"
                }
            },
            "notification-url": "https://packagist.org/downloads/",
            "license": [
                "GPL-2.0-or-later"
            ],
            "authors": [
                {
                    "name": "Takashi Kitajima",
                    "email": "inc@2inc.org"
                }
            ],
            "time": "2020-02-04T04:45:37+00:00"
        },
        {
            "name": "inc2734/wp-customizer-framework",
            "version": "7.0.2",
            "source": {
                "type": "git",
                "url": "https://github.com/inc2734/wp-customizer-framework.git",
                "reference": "118c8102684a13d5656e3939a41c1d45b4886efc"
            },
            "dist": {
                "type": "zip",
                "url": "https://api.github.com/repos/inc2734/wp-customizer-framework/zipball/118c8102684a13d5656e3939a41c1d45b4886efc",
                "reference": "118c8102684a13d5656e3939a41c1d45b4886efc",
                "shasum": ""
            },
            "require": {
                "php": ">=5.6"
            },
            "require-dev": {
                "dealerdirect/phpcodesniffer-composer-installer": "^0.4.3",
                "phpcompatibility/phpcompatibility-wp": "*",
                "phpunit/phpunit": "7.*",
                "squizlabs/php_codesniffer": "*",
                "wp-coding-standards/wpcs": "*"
            },
            "type": "library",
            "autoload": {
                "psr-4": {
                    "Inc2734\\WP_Customizer_Framework\\": "src"
                }
            },
            "notification-url": "https://packagist.org/downloads/",
            "license": [
                "GPL-2.0-or-later"
            ],
            "authors": [
                {
                    "name": "Takashi Kitajima",
                    "email": "inc@2inc.org"
                }
            ],
            "description": "A library for WordPress Customizer.",
            "time": "2020-09-04T07:45:18+00:00"
        },
        {
            "name": "inc2734/wp-github-theme-updater",
            "version": "3.1.0",
            "source": {
                "type": "git",
                "url": "https://github.com/inc2734/wp-github-theme-updater.git",
                "reference": "6224d6e820e33ef71a711a39fb8cd30587cd92f6"
            },
            "dist": {
                "type": "zip",
                "url": "https://api.github.com/repos/inc2734/wp-github-theme-updater/zipball/6224d6e820e33ef71a711a39fb8cd30587cd92f6",
                "reference": "6224d6e820e33ef71a711a39fb8cd30587cd92f6",
                "shasum": ""
            },
            "require": {
                "php": ">=5.6"
            },
            "require-dev": {
                "dealerdirect/phpcodesniffer-composer-installer": "^0.4.3",
                "phpcompatibility/phpcompatibility-wp": "*",
                "phpunit/phpunit": "7.*",
                "squizlabs/php_codesniffer": "*",
                "wp-coding-standards/wpcs": "*"
            },
            "type": "library",
            "autoload": {
                "psr-4": {
                    "Inc2734\\WP_GitHub_Theme_Updater\\": "src"
                }
            },
            "notification-url": "https://packagist.org/downloads/",
            "license": [
                "GPL-2.0-or-later"
            ],
            "authors": [
                {
                    "name": "Takashi Kitajima",
                    "email": "inc@2inc.org"
                }
            ],
            "description": "A library for WordPress that automatic theme updater with GitHub API.",
            "time": "2020-09-01T05:18:00+00:00"
        },
        {
            "name": "inc2734/wp-google-fonts",
            "version": "0.2.0",
            "source": {
                "type": "git",
                "url": "https://github.com/inc2734/wp-google-fonts.git",
                "reference": "77455d4ec1531327f5d64e038f297e0e58e6dfda"
            },
            "dist": {
                "type": "zip",
                "url": "https://api.github.com/repos/inc2734/wp-google-fonts/zipball/77455d4ec1531327f5d64e038f297e0e58e6dfda",
                "reference": "77455d4ec1531327f5d64e038f297e0e58e6dfda",
                "shasum": ""
            },
            "require": {
                "php": ">=5.6"
            },
            "require-dev": {
                "dealerdirect/phpcodesniffer-composer-installer": "^0.4.3",
                "phpcompatibility/phpcompatibility-wp": "*",
                "phpmd/phpmd": "2.*",
                "phpunit/phpunit": "7.*",
                "squizlabs/php_codesniffer": "*",
                "wp-coding-standards/wpcs": "*"
            },
            "type": "library",
            "autoload": {
                "psr-4": {
                    "Inc2734\\WP_Google_Fonts\\": "src"
                }
            },
            "notification-url": "https://packagist.org/downloads/",
            "license": [
                "GPL-2.0-or-later"
            ],
            "authors": [
                {
                    "name": "Takashi Kitajima",
                    "email": "inc@2inc.org"
                }
            ],
            "time": "2020-03-03T05:20:40+00:00"
        },
        {
            "name": "inc2734/wp-helper",
            "version": "0.2.0",
            "source": {
                "type": "git",
                "url": "https://github.com/inc2734/wp-helper.git",
                "reference": "53b0aef4750fb91bb90bea6c61188251d9f8788e"
            },
            "dist": {
                "type": "zip",
                "url": "https://api.github.com/repos/inc2734/wp-helper/zipball/53b0aef4750fb91bb90bea6c61188251d9f8788e",
                "reference": "53b0aef4750fb91bb90bea6c61188251d9f8788e",
                "shasum": ""
            },
            "require": {
                "php": ">=5.6"
            },
            "require-dev": {
                "dealerdirect/phpcodesniffer-composer-installer": "^0.4.3",
                "phpcompatibility/phpcompatibility-wp": "*",
                "phpunit/phpunit": "7.*",
                "squizlabs/php_codesniffer": "*",
                "wp-coding-standards/wpcs": "*"
            },
            "type": "library",
            "autoload": {
                "psr-4": {
                    "Inc2734\\WP_Helper\\": "src"
                }
            },
            "notification-url": "https://packagist.org/downloads/",
            "license": [
                "GPL-2.0-or-later"
            ],
            "authors": [
                {
                    "name": "Takashi Kitajima",
                    "email": "inc@2inc.org"
                }
            ],
            "time": "2020-04-07T00:21:03+00:00"
        },
        {
            "name": "inc2734/wp-like-me-box",
            "version": "2.0.1",
            "source": {
                "type": "git",
                "url": "https://github.com/inc2734/wp-like-me-box.git",
                "reference": "1dccad3068e30fb5f9af8286f3453c769c7847b5"
            },
            "dist": {
                "type": "zip",
                "url": "https://api.github.com/repos/inc2734/wp-like-me-box/zipball/1dccad3068e30fb5f9af8286f3453c769c7847b5",
                "reference": "1dccad3068e30fb5f9af8286f3453c769c7847b5",
                "shasum": ""
            },
            "require": {
                "php": ">=5.6"
            },
            "require-dev": {
                "dealerdirect/phpcodesniffer-composer-installer": "^0.4.3",
                "phpcompatibility/phpcompatibility-wp": "*",
                "phpmd/phpmd": "2.*",
                "phpunit/phpunit": "7.*",
                "squizlabs/php_codesniffer": "*",
                "wp-coding-standards/wpcs": "*"
            },
            "type": "library",
            "autoload": {
                "psr-4": {
                    "Inc2734\\WP_Like_Me_Box\\": "src"
                }
            },
            "notification-url": "https://packagist.org/downloads/",
            "license": [
                "GPL-2.0-or-later"
            ],
            "authors": [
                {
                    "name": "Takashi Kitajima",
                    "email": "inc@2inc.org"
                }
            ],
            "description": "A library for WordPress that added Facebook like me box for article.",
            "time": "2020-09-04T07:30:38+00:00"
        },
        {
            "name": "inc2734/wp-oembed-blog-card",
            "version": "9.0.4",
            "source": {
                "type": "git",
                "url": "https://github.com/inc2734/wp-oembed-blog-card.git",
                "reference": "44a01b342fe8bc82dff0e4df51680551214246e6"
            },
            "dist": {
                "type": "zip",
                "url": "https://api.github.com/repos/inc2734/wp-oembed-blog-card/zipball/44a01b342fe8bc82dff0e4df51680551214246e6",
                "reference": "44a01b342fe8bc82dff0e4df51680551214246e6",
                "shasum": ""
            },
            "require": {
                "php": ">=5.6"
            },
            "require-dev": {
                "dealerdirect/phpcodesniffer-composer-installer": "^0.4.3",
                "phpcompatibility/phpcompatibility-wp": "*",
                "phpunit/phpunit": "7.*",
                "squizlabs/php_codesniffer": "*",
                "wp-coding-standards/wpcs": "*"
            },
            "type": "library",
            "autoload": {
                "psr-4": {
                    "Inc2734\\WP_OEmbed_Blog_Card\\": "src"
                }
            },
            "notification-url": "https://packagist.org/downloads/",
            "license": [
                "GPL-2.0-or-later"
            ],
            "authors": [
                {
                    "name": "Takashi Kitajima",
                    "email": "inc@2inc.org"
                }
            ],
            "description": "A library for WordPress oEmbed Blog Card.",
            "time": "2020-09-14T02:19:43+00:00"
        },
        {
            "name": "inc2734/wp-ogp",
            "version": "2.0.2",
            "source": {
                "type": "git",
                "url": "https://github.com/inc2734/wp-ogp.git",
                "reference": "0c4c3c7413a5ed963cb79d0409b612e4f2b569f1"
            },
            "dist": {
                "type": "zip",
                "url": "https://api.github.com/repos/inc2734/wp-ogp/zipball/0c4c3c7413a5ed963cb79d0409b612e4f2b569f1",
                "reference": "0c4c3c7413a5ed963cb79d0409b612e4f2b569f1",
                "shasum": ""
            },
            "require": {
                "php": ">=5.6"
            },
            "require-dev": {
                "dealerdirect/phpcodesniffer-composer-installer": "^0.4.3",
                "phpcompatibility/phpcompatibility-wp": "*",
                "phpmd/phpmd": "2.*",
                "phpunit/phpunit": "7.*",
                "squizlabs/php_codesniffer": "*",
                "wp-coding-standards/wpcs": "*"
            },
            "type": "library",
            "autoload": {
                "psr-4": {
                    "Inc2734\\WP_OGP\\": "src"
                }
            },
            "notification-url": "https://packagist.org/downloads/",
            "license": [
                "GPL-2.0-or-later"
            ],
            "authors": [
                {
                    "name": "Takashi Kitajima",
                    "email": "inc@2inc.org"
                }
            ],
            "description": "A library for WordPress OGP.",
            "time": "2020-02-04T05:26:25+00:00"
        },
        {
            "name": "inc2734/wp-page-speed-optimization",
            "version": "3.0.5",
            "source": {
                "type": "git",
                "url": "https://github.com/inc2734/wp-page-speed-optimization.git",
                "reference": "7cd3dc55329d4071d0586041fc929fabd9b2adbf"
            },
            "dist": {
                "type": "zip",
                "url": "https://api.github.com/repos/inc2734/wp-page-speed-optimization/zipball/7cd3dc55329d4071d0586041fc929fabd9b2adbf",
                "reference": "7cd3dc55329d4071d0586041fc929fabd9b2adbf",
                "shasum": ""
            },
            "require": {
                "php": ">=5.6"
            },
            "require-dev": {
                "dealerdirect/phpcodesniffer-composer-installer": "^0.4.3",
                "phpcompatibility/phpcompatibility-wp": "*",
                "phpunit/phpunit": "7.*",
                "squizlabs/php_codesniffer": "*",
                "wp-coding-standards/wpcs": "*"
            },
            "type": "library",
            "autoload": {
                "psr-4": {
                    "Inc2734\\WP_Page_Speed_Optimization\\": "src"
                }
            },
            "notification-url": "https://packagist.org/downloads/",
            "license": [
                "GPL-2.0-or-later"
            ],
            "authors": [
                {
                    "name": "Takashi Kitajima",
                    "email": "inc@2inc.org"
                }
            ],
            "description": "A library for WordPress.",
            "time": "2020-08-19T00:53:45+00:00"
        },
        {
            "name": "inc2734/wp-plugin-view-controller",
            "version": "1.0.0",
            "source": {
                "type": "git",
                "url": "https://github.com/inc2734/wp-plugin-view-controller.git",
                "reference": "ec4f7150100c11e66927cb87ee776257ded1fb21"
            },
            "dist": {
                "type": "zip",
                "url": "https://api.github.com/repos/inc2734/wp-plugin-view-controller/zipball/ec4f7150100c11e66927cb87ee776257ded1fb21",
                "reference": "ec4f7150100c11e66927cb87ee776257ded1fb21",
                "shasum": ""
            },
            "require": {
                "php": ">=5.6"
            },
            "require-dev": {
                "dealerdirect/phpcodesniffer-composer-installer": "^0.4.3",
                "phpcompatibility/phpcompatibility-wp": "*",
                "phpmd/phpmd": "2.*",
                "phpunit/phpunit": "7.*",
                "squizlabs/php_codesniffer": "*",
                "wp-coding-standards/wpcs": "*"
            },
            "type": "library",
            "autoload": {
                "psr-4": {
                    "Inc2734\\WP_Plugin_View_Controller\\": "src"
                }
            },
            "notification-url": "https://packagist.org/downloads/",
            "license": [
                "GPL-2.0-or-later"
            ],
            "authors": [
                {
                    "name": "Takashi Kitajima",
                    "email": "inc@2inc.org"
                }
            ],
            "time": "2019-10-29T00:03:32+00:00"
        },
        {
            "name": "inc2734/wp-profile-box",
            "version": "2.3.1",
            "source": {
                "type": "git",
                "url": "https://github.com/inc2734/wp-profile-box.git",
                "reference": "d09007ec507a4e2bd734969826ec11df44f8e436"
            },
            "dist": {
                "type": "zip",
                "url": "https://api.github.com/repos/inc2734/wp-profile-box/zipball/d09007ec507a4e2bd734969826ec11df44f8e436",
                "reference": "d09007ec507a4e2bd734969826ec11df44f8e436",
                "shasum": ""
            },
            "require": {
                "php": ">=5.6"
            },
            "require-dev": {
                "dealerdirect/phpcodesniffer-composer-installer": "^0.4.3",
                "phpcompatibility/phpcompatibility-wp": "*",
                "phpmd/phpmd": "2.*",
                "phpunit/phpunit": "7.*",
                "squizlabs/php_codesniffer": "*",
                "wp-coding-standards/wpcs": "*"
            },
            "type": "library",
            "autoload": {
                "psr-4": {
                    "Inc2734\\WP_Profile_Box\\": "src"
                }
            },
            "notification-url": "https://packagist.org/downloads/",
            "license": [
                "GPL-2.0-or-later"
            ],
            "authors": [
                {
                    "name": "Takashi Kitajima",
                    "email": "inc@2inc.org"
                }
            ],
            "description": "A library to add profile box for WordPress.",
            "time": "2020-08-19T01:58:27+00:00"
        },
        {
            "name": "inc2734/wp-pure-css-gallery",
            "version": "3.0.0",
            "source": {
                "type": "git",
                "url": "https://github.com/inc2734/wp-pure-css-gallery.git",
                "reference": "3acc025381afe1a9dfb5054c0fef16cda4bcb8b3"
            },
            "dist": {
                "type": "zip",
                "url": "https://api.github.com/repos/inc2734/wp-pure-css-gallery/zipball/3acc025381afe1a9dfb5054c0fef16cda4bcb8b3",
                "reference": "3acc025381afe1a9dfb5054c0fef16cda4bcb8b3",
                "shasum": ""
            },
            "require": {
                "php": ">=5.6"
            },
            "require-dev": {
                "dealerdirect/phpcodesniffer-composer-installer": "^0.4.3",
                "phpcompatibility/phpcompatibility-wp": "*",
                "phpmd/phpmd": "2.*",
                "phpunit/phpunit": "7.*",
                "squizlabs/php_codesniffer": "*",
                "wp-coding-standards/wpcs": "*"
            },
            "type": "library",
            "autoload": {
                "psr-4": {
                    "Inc2734\\WP_Pure_CSS_Gallery\\": "src"
                }
            },
            "notification-url": "https://packagist.org/downloads/",
            "license": [
                "GPL-2.0-or-later"
            ],
            "authors": [
                {
                    "name": "Takashi Kitajima",
                    "email": "inc@2inc.org"
                }
            ],
            "description": "A library to change WordPress gallery to pure css gallery.",
            "time": "2020-07-17T06:40:23+00:00"
        },
        {
            "name": "inc2734/wp-seo",
            "version": "4.1.2",
            "source": {
                "type": "git",
                "url": "https://github.com/inc2734/wp-seo.git",
                "reference": "bfcca0e7448d10f32823c87a5a68b27b34f8dafc"
            },
            "dist": {
                "type": "zip",
                "url": "https://api.github.com/repos/inc2734/wp-seo/zipball/bfcca0e7448d10f32823c87a5a68b27b34f8dafc",
                "reference": "bfcca0e7448d10f32823c87a5a68b27b34f8dafc",
                "shasum": ""
            },
            "require": {
                "inc2734/wp-ogp": "^2.0",
                "php": ">=5.6"
            },
            "require-dev": {
                "dealerdirect/phpcodesniffer-composer-installer": "^0.4.3",
                "phpcompatibility/phpcompatibility-wp": "*",
                "phpmd/phpmd": "2.*",
                "phpunit/phpunit": "7.*",
                "squizlabs/php_codesniffer": "*",
                "wp-coding-standards/wpcs": "*"
            },
            "type": "library",
            "autoload": {
                "psr-4": {
                    "Inc2734\\WP_SEO\\": "src"
                }
            },
            "notification-url": "https://packagist.org/downloads/",
            "license": [
                "GPL-2.0-or-later"
            ],
            "authors": [
                {
                    "name": "Takashi Kitajima",
                    "email": "inc@2inc.org"
                }
            ],
            "description": "A library for SEO of WordPress.",
            "time": "2020-05-06T23:16:51+00:00"
        },
        {
            "name": "inc2734/wp-share-buttons",
            "version": "6.0.0",
            "source": {
                "type": "git",
                "url": "https://github.com/inc2734/wp-share-buttons.git",
                "reference": "731544dd2de2f2423e8265562ef92e5a44e635c3"
            },
            "dist": {
                "type": "zip",
                "url": "https://api.github.com/repos/inc2734/wp-share-buttons/zipball/731544dd2de2f2423e8265562ef92e5a44e635c3",
                "reference": "731544dd2de2f2423e8265562ef92e5a44e635c3",
                "shasum": ""
            },
            "require": {
                "inc2734/wp-ogp": "^2.0",
                "php": ">=5.6"
            },
            "require-dev": {
                "dealerdirect/phpcodesniffer-composer-installer": "^0.4.3",
                "phpcompatibility/phpcompatibility-wp": "*",
                "phpmd/phpmd": "2.*",
                "phpunit/phpunit": "7.*",
                "squizlabs/php_codesniffer": "*",
                "wp-coding-standards/wpcs": "*"
            },
            "type": "library",
            "autoload": {
                "psr-4": {
                    "Inc2734\\WP_Share_Buttons\\": "src"
                }
            },
            "notification-url": "https://packagist.org/downloads/",
            "license": [
                "GPL-2.0-or-later"
            ],
            "authors": [
                {
                    "name": "Takashi Kitajima",
                    "email": "inc@2inc.org",
                    "homepage": "https://2inc.org"
                }
            ],
            "description": "A library for WordPress theme that adds social share buttons.",
            "time": "2020-07-18T13:17:50+00:00"
        },
        {
            "name": "inc2734/wp-view-controller",
            "version": "12.0.5",
            "source": {
                "type": "git",
                "url": "https://github.com/inc2734/wp-view-controller.git",
                "reference": "bddcd0fe03edcc2b6c1fd611bf7c8ba394eb8380"
            },
            "dist": {
                "type": "zip",
                "url": "https://api.github.com/repos/inc2734/wp-view-controller/zipball/bddcd0fe03edcc2b6c1fd611bf7c8ba394eb8380",
                "reference": "bddcd0fe03edcc2b6c1fd611bf7c8ba394eb8380",
                "shasum": ""
            },
            "require": {
                "php": ">=5.6"
            },
            "require-dev": {
                "dealerdirect/phpcodesniffer-composer-installer": "^0.4.3",
                "phpcompatibility/phpcompatibility-wp": "*",
                "phpunit/phpunit": "7.*",
                "squizlabs/php_codesniffer": "*",
                "wp-coding-standards/wpcs": "*"
            },
            "type": "library",
            "autoload": {
                "psr-4": {
                    "Inc2734\\WP_View_Controller\\": "src"
                }
            },
            "notification-url": "https://packagist.org/downloads/",
            "license": [
                "GPL-2.0-or-later"
            ],
            "authors": [
                {
                    "name": "Takashi Kitajima",
                    "email": "inc@2inc.org"
                }
            ],
            "description": "A library for WordPress theme view controller.",
            "time": "2020-09-02T05:13:14+00:00"
        }
    ],
    "packages-dev": [
        {
            "name": "dealerdirect/phpcodesniffer-composer-installer",
            "version": "v0.6.2",
            "source": {
                "type": "git",
                "url": "https://github.com/Dealerdirect/phpcodesniffer-composer-installer.git",
                "reference": "8001af8eb107fbfcedc31a8b51e20b07d85b457a"
            },
            "dist": {
                "type": "zip",
                "url": "https://api.github.com/repos/Dealerdirect/phpcodesniffer-composer-installer/zipball/8001af8eb107fbfcedc31a8b51e20b07d85b457a",
                "reference": "8001af8eb107fbfcedc31a8b51e20b07d85b457a",
                "shasum": ""
            },
            "require": {
                "composer-plugin-api": "^1.0",
                "php": "^5.3|^7",
                "squizlabs/php_codesniffer": "^2|^3"
            },
            "require-dev": {
                "composer/composer": "*",
                "phpcompatibility/php-compatibility": "^9.0",
                "sensiolabs/security-checker": "^4.1.0"
            },
            "type": "composer-plugin",
            "extra": {
                "class": "Dealerdirect\\Composer\\Plugin\\Installers\\PHPCodeSniffer\\Plugin"
            },
            "autoload": {
                "psr-4": {
                    "Dealerdirect\\Composer\\Plugin\\Installers\\PHPCodeSniffer\\": "src/"
                }
            },
            "notification-url": "https://packagist.org/downloads/",
            "license": [
                "MIT"
            ],
            "authors": [
                {
                    "name": "Franck Nijhof",
                    "email": "franck.nijhof@dealerdirect.com",
                    "homepage": "http://www.frenck.nl",
                    "role": "Developer / IT Manager"
                }
            ],
            "description": "PHP_CodeSniffer Standards Composer Installer Plugin",
            "homepage": "http://www.dealerdirect.com",
            "keywords": [
                "PHPCodeSniffer",
                "PHP_CodeSniffer",
                "code quality",
                "codesniffer",
                "composer",
                "installer",
                "phpcs",
                "plugin",
                "qa",
                "quality",
                "standard",
                "standards",
                "style guide",
                "stylecheck",
                "tests"
            ],
            "time": "2020-01-29T20:22:20+00:00"
        },
        {
            "name": "phpcompatibility/php-compatibility",
            "version": "9.3.5",
            "source": {
                "type": "git",
                "url": "https://github.com/PHPCompatibility/PHPCompatibility.git",
                "reference": "9fb324479acf6f39452e0655d2429cc0d3914243"
            },
            "dist": {
                "type": "zip",
                "url": "https://api.github.com/repos/PHPCompatibility/PHPCompatibility/zipball/9fb324479acf6f39452e0655d2429cc0d3914243",
                "reference": "9fb324479acf6f39452e0655d2429cc0d3914243",
                "shasum": ""
            },
            "require": {
                "php": ">=5.3",
                "squizlabs/php_codesniffer": "^2.3 || ^3.0.2"
            },
            "conflict": {
                "squizlabs/php_codesniffer": "2.6.2"
            },
            "require-dev": {
                "phpunit/phpunit": "~4.5 || ^5.0 || ^6.0 || ^7.0"
            },
            "suggest": {
                "dealerdirect/phpcodesniffer-composer-installer": "^0.5 || This Composer plugin will sort out the PHPCS 'installed_paths' automatically.",
                "roave/security-advisories": "dev-master || Helps prevent installing dependencies with known security issues."
            },
            "type": "phpcodesniffer-standard",
            "notification-url": "https://packagist.org/downloads/",
            "license": [
                "LGPL-3.0-or-later"
            ],
            "authors": [
                {
                    "name": "Wim Godden",
                    "homepage": "https://github.com/wimg",
                    "role": "lead"
                },
                {
                    "name": "Juliette Reinders Folmer",
                    "homepage": "https://github.com/jrfnl",
                    "role": "lead"
                },
                {
                    "name": "Contributors",
                    "homepage": "https://github.com/PHPCompatibility/PHPCompatibility/graphs/contributors"
                }
            ],
            "description": "A set of sniffs for PHP_CodeSniffer that checks for PHP cross-version compatibility.",
            "homepage": "http://techblog.wimgodden.be/tag/codesniffer/",
            "keywords": [
                "compatibility",
                "phpcs",
                "standards"
            ],
            "time": "2019-12-27T09:44:58+00:00"
        },
        {
            "name": "sirbrillig/phpcs-variable-analysis",
            "version": "v2.8.3",
            "source": {
                "type": "git",
                "url": "https://github.com/sirbrillig/phpcs-variable-analysis.git",
                "reference": "00b4fa3130faa26762c929989e3d958086c627f1"
            },
            "dist": {
                "type": "zip",
                "url": "https://api.github.com/repos/sirbrillig/phpcs-variable-analysis/zipball/00b4fa3130faa26762c929989e3d958086c627f1",
                "reference": "00b4fa3130faa26762c929989e3d958086c627f1",
                "shasum": ""
            },
            "require": {
                "php": ">=5.4.0",
                "squizlabs/php_codesniffer": "^3.1"
            },
            "require-dev": {
                "dealerdirect/phpcodesniffer-composer-installer": "^0.4.4 || ^0.5 || ^0.6",
                "limedeck/phpunit-detailed-printer": "^3.1 || ^4.0 || ^5.0",
                "phpstan/phpstan": "^0.11.8",
                "phpunit/phpunit": "^5.0 || ^6.5 || ^7.0 || ^8.0",
                "sirbrillig/phpcs-import-detection": "^1.1"
            },
            "type": "phpcodesniffer-standard",
            "autoload": {
                "psr-4": {
                    "VariableAnalysis\\": "VariableAnalysis/"
                }
            },
            "notification-url": "https://packagist.org/downloads/",
            "license": [
                "BSD-2-Clause"
            ],
            "authors": [
                {
                    "name": "Sam Graham",
                    "email": "php-codesniffer-variableanalysis@illusori.co.uk"
                },
                {
                    "name": "Payton Swick",
                    "email": "payton@foolord.com"
                }
            ],
            "description": "A PHPCS sniff to detect problems with variables.",
            "time": "2020-07-11T23:32:06+00:00"
        },
        {
            "name": "squizlabs/php_codesniffer",
            "version": "3.5.6",
            "source": {
                "type": "git",
                "url": "https://github.com/squizlabs/PHP_CodeSniffer.git",
                "reference": "e97627871a7eab2f70e59166072a6b767d5834e0"
            },
            "dist": {
                "type": "zip",
                "url": "https://api.github.com/repos/squizlabs/PHP_CodeSniffer/zipball/e97627871a7eab2f70e59166072a6b767d5834e0",
                "reference": "e97627871a7eab2f70e59166072a6b767d5834e0",
                "shasum": ""
            },
            "require": {
                "ext-simplexml": "*",
                "ext-tokenizer": "*",
                "ext-xmlwriter": "*",
                "php": ">=5.4.0"
            },
            "require-dev": {
                "phpunit/phpunit": "^4.0 || ^5.0 || ^6.0 || ^7.0"
            },
            "bin": [
                "bin/phpcs",
                "bin/phpcbf"
            ],
            "type": "library",
            "extra": {
                "branch-alias": {
                    "dev-master": "3.x-dev"
                }
            },
            "notification-url": "https://packagist.org/downloads/",
            "license": [
                "BSD-3-Clause"
            ],
            "authors": [
                {
                    "name": "Greg Sherwood",
                    "role": "lead"
                }
            ],
            "description": "PHP_CodeSniffer tokenizes PHP, JavaScript and CSS files and detects violations of a defined set of coding standards.",
            "homepage": "https://github.com/squizlabs/PHP_CodeSniffer",
            "keywords": [
                "phpcs",
                "standards"
            ],
            "time": "2020-08-10T04:50:15+00:00"
        },
        {
            "name": "wp-coding-standards/wpcs",
            "version": "2.3.0",
            "source": {
                "type": "git",
                "url": "https://github.com/WordPress/WordPress-Coding-Standards.git",
                "reference": "7da1894633f168fe244afc6de00d141f27517b62"
            },
            "dist": {
                "type": "zip",
                "url": "https://api.github.com/repos/WordPress/WordPress-Coding-Standards/zipball/7da1894633f168fe244afc6de00d141f27517b62",
                "reference": "7da1894633f168fe244afc6de00d141f27517b62",
                "shasum": ""
            },
            "require": {
                "php": ">=5.4",
                "squizlabs/php_codesniffer": "^3.3.1"
            },
            "require-dev": {
                "dealerdirect/phpcodesniffer-composer-installer": "^0.5 || ^0.6",
                "phpcompatibility/php-compatibility": "^9.0",
                "phpcsstandards/phpcsdevtools": "^1.0",
                "phpunit/phpunit": "^4.0 || ^5.0 || ^6.0 || ^7.0"
            },
            "suggest": {
                "dealerdirect/phpcodesniffer-composer-installer": "^0.6 || This Composer plugin will sort out the PHPCS 'installed_paths' automatically."
            },
            "type": "phpcodesniffer-standard",
            "notification-url": "https://packagist.org/downloads/",
            "license": [
                "MIT"
            ],
            "authors": [
                {
                    "name": "Contributors",
                    "homepage": "https://github.com/WordPress/WordPress-Coding-Standards/graphs/contributors"
                }
            ],
            "description": "PHP_CodeSniffer rules (sniffs) to enforce WordPress coding conventions",
            "keywords": [
                "phpcs",
                "standards",
                "wordpress"
            ],
            "time": "2020-05-13T23:57:56+00:00"
        },
        {
            "name": "wp-phpunit/wp-phpunit",
            "version": "5.5.1",
            "source": {
                "type": "git",
                "url": "https://github.com/wp-phpunit/wp-phpunit.git",
                "reference": "763121e752594664c150643e05c991a0acf3800a"
            },
            "dist": {
                "type": "zip",
                "url": "https://api.github.com/repos/wp-phpunit/wp-phpunit/zipball/763121e752594664c150643e05c991a0acf3800a",
                "reference": "763121e752594664c150643e05c991a0acf3800a",
                "shasum": ""
            },
            "type": "library",
            "autoload": {
                "files": [
                    "__loaded.php"
                ]
            },
            "notification-url": "https://packagist.org/downloads/",
            "license": [
                "GPL-2.0-or-later"
            ],
            "authors": [
                {
                    "name": "Evan Mattson",
                    "email": "me@aaemnnost.tv"
                },
                {
                    "name": "WordPress Community",
                    "homepage": "https://wordpress.org/about/"
                }
            ],
            "description": "WordPress core PHPUnit library",
            "homepage": "https://github.com/wp-phpunit",
            "keywords": [
                "phpunit",
                "test",
                "wordpress"
            ],
            "time": "2020-09-02T15:53:50+00:00"
        }
    ],
    "aliases": [],
    "minimum-stability": "stable",
    "stability-flags": [],
    "prefer-stable": false,
    "prefer-lowest": false,
    "platform": {
        "php": ">=5.6"
    },
    "platform-dev": [],
    "plugin-api-version": "1.1.0"
}
